// !$*UTF8*$!
{
	archiveVersion = 1;
	classes = {
	};
	objectVersion = 51;
	objects = {

/* Begin PBXBuildFile section */
		12C5E2A8D71E5D0AC9951A90 /* Pods_XTUtil_swift.framework in Frameworks */ = {isa = PBXBuildFile; fileRef = 111E2B19DBBC7532F2B7178D /* Pods_XTUtil_swift.framework */; };
		8F8833ED28AAB4B300B5D496 /* CurrentVC+View+Window.swift in Sources */ = {isa = PBXBuildFile; fileRef = 8F8833EC28AAB4B300B5D496 /* CurrentVC+View+Window.swift */; };
		8FC2590C269CBCE50095B412 /* AppDelegate.swift in Sources */ = {isa = PBXBuildFile; fileRef = 8FC2590B269CBCE50095B412 /* AppDelegate.swift */; };
		8FC2590E269CBCE50095B412 /* SceneDelegate.swift in Sources */ = {isa = PBXBuildFile; fileRef = 8FC2590D269CBCE50095B412 /* SceneDelegate.swift */; };
		8FC25910269CBCE50095B412 /* ViewController.swift in Sources */ = {isa = PBXBuildFile; fileRef = 8FC2590F269CBCE50095B412 /* ViewController.swift */; };
		8FC25913269CBCE50095B412 /* Main.storyboard in Resources */ = {isa = PBXBuildFile; fileRef = 8FC25911269CBCE50095B412 /* Main.storyboard */; };
		8FC25915269CBCE90095B412 /* Assets.xcassets in Resources */ = {isa = PBXBuildFile; fileRef = 8FC25914269CBCE90095B412 /* Assets.xcassets */; };
		8FC25918269CBCE90095B412 /* LaunchScreen.storyboard in Resources */ = {isa = PBXBuildFile; fileRef = 8FC25916269CBCE90095B412 /* LaunchScreen.storyboard */; };
		8FC25923269CBCEA0095B412 /* XTUtil_swiftTests.swift in Sources */ = {isa = PBXBuildFile; fileRef = 8FC25922269CBCEA0095B412 /* XTUtil_swiftTests.swift */; };
		8FC2592E269CBCEA0095B412 /* XTUtil_swiftUITests.swift in Sources */ = {isa = PBXBuildFile; fileRef = 8FC2592D269CBCEA0095B412 /* XTUtil_swiftUITests.swift */; };
		8FC2593D269CBD160095B412 /* XTUtil.swift in Sources */ = {isa = PBXBuildFile; fileRef = 8FC2593C269CBD160095B412 /* XTUtil.swift */; };
		8FC64E8128A89BFB0011E7D6 /* UIViewExtension.swift in Sources */ = {isa = PBXBuildFile; fileRef = 8FC64E8028A89BFB0011E7D6 /* UIViewExtension.swift */; };
		8FC64E8428A8B9020011E7D6 /* UIResponderExtension.swift in Sources */ = {isa = PBXBuildFile; fileRef = 8FC64E8328A8B9020011E7D6 /* UIResponderExtension.swift */; };
/* End PBXBuildFile section */

/* Begin PBXContainerItemProxy section */
		8FC2591F269CBCEA0095B412 /* PBXContainerItemProxy */ = {
			isa = PBXContainerItemProxy;
			containerPortal = 8FC25900269CBCE50095B412 /* Project object */;
			proxyType = 1;
			remoteGlobalIDString = 8FC25907269CBCE50095B412;
			remoteInfo = "XTUtil-swift";
		};
		8FC2592A269CBCEA0095B412 /* PBXContainerItemProxy */ = {
			isa = PBXContainerItemProxy;
			containerPortal = 8FC25900269CBCE50095B412 /* Project object */;
			proxyType = 1;
			remoteGlobalIDString = 8FC25907269CBCE50095B412;
			remoteInfo = "XTUtil-swift";
		};
/* End PBXContainerItemProxy section */

/* Begin PBXFileReference section */
		111E2B19DBBC7532F2B7178D /* Pods_XTUtil_swift.framework */ = {isa = PBXFileReference; explicitFileType = wrapper.framework; includeInIndex = 0; path = Pods_XTUtil_swift.framework; sourceTree = BUILT_PRODUCTS_DIR; };
		14A1197F58AE41E4B616ED1F /* Pods-XTUtil-swift.debug.xcconfig */ = {isa = PBXFileReference; includeInIndex = 1; lastKnownFileType = text.xcconfig; name = "Pods-XTUtil-swift.debug.xcconfig"; path = "Target Support Files/Pods-XTUtil-swift/Pods-XTUtil-swift.debug.xcconfig"; sourceTree = "<group>"; };
		8F8833EC28AAB4B300B5D496 /* CurrentVC+View+Window.swift */ = {isa = PBXFileReference; lastKnownFileType = sourcecode.swift; path = "CurrentVC+View+Window.swift"; sourceTree = "<group>"; };
		8FC25908269CBCE50095B412 /* XTUtil-swift.app */ = {isa = PBXFileReference; explicitFileType = wrapper.application; includeInIndex = 0; path = "XTUtil-swift.app"; sourceTree = BUILT_PRODUCTS_DIR; };
		8FC2590B269CBCE50095B412 /* AppDelegate.swift */ = {isa = PBXFileReference; lastKnownFileType = sourcecode.swift; path = AppDelegate.swift; sourceTree = "<group>"; };
		8FC2590D269CBCE50095B412 /* SceneDelegate.swift */ = {isa = PBXFileReference; lastKnownFileType = sourcecode.swift; path = SceneDelegate.swift; sourceTree = "<group>"; };
		8FC2590F269CBCE50095B412 /* ViewController.swift */ = {isa = PBXFileReference; lastKnownFileType = sourcecode.swift; path = ViewController.swift; sourceTree = "<group>"; };
		8FC25912269CBCE50095B412 /* Base */ = {isa = PBXFileReference; lastKnownFileType = file.storyboard; name = Base; path = Base.lproj/Main.storyboard; sourceTree = "<group>"; };
		8FC25914269CBCE90095B412 /* Assets.xcassets */ = {isa = PBXFileReference; lastKnownFileType = folder.assetcatalog; path = Assets.xcassets; sourceTree = "<group>"; };
		8FC25917269CBCE90095B412 /* Base */ = {isa = PBXFileReference; lastKnownFileType = file.storyboard; name = Base; path = Base.lproj/LaunchScreen.storyboard; sourceTree = "<group>"; };
		8FC25919269CBCE90095B412 /* Info.plist */ = {isa = PBXFileReference; lastKnownFileType = text.plist.xml; path = Info.plist; sourceTree = "<group>"; };
		8FC2591E269CBCEA0095B412 /* XTUtil-swiftTests.xctest */ = {isa = PBXFileReference; explicitFileType = wrapper.cfbundle; includeInIndex = 0; path = "XTUtil-swiftTests.xctest"; sourceTree = BUILT_PRODUCTS_DIR; };
		8FC25922269CBCEA0095B412 /* XTUtil_swiftTests.swift */ = {isa = PBXFileReference; lastKnownFileType = sourcecode.swift; path = XTUtil_swiftTests.swift; sourceTree = "<group>"; };
		8FC25924269CBCEA0095B412 /* Info.plist */ = {isa = PBXFileReference; lastKnownFileType = text.plist.xml; path = Info.plist; sourceTree = "<group>"; };
		8FC25929269CBCEA0095B412 /* XTUtil-swiftUITests.xctest */ = {isa = PBXFileReference; explicitFileType = wrapper.cfbundle; includeInIndex = 0; path = "XTUtil-swiftUITests.xctest"; sourceTree = BUILT_PRODUCTS_DIR; };
		8FC2592D269CBCEA0095B412 /* XTUtil_swiftUITests.swift */ = {isa = PBXFileReference; lastKnownFileType = sourcecode.swift; path = XTUtil_swiftUITests.swift; sourceTree = "<group>"; };
		8FC2592F269CBCEA0095B412 /* Info.plist */ = {isa = PBXFileReference; lastKnownFileType = text.plist.xml; path = Info.plist; sourceTree = "<group>"; };
		8FC2593C269CBD160095B412 /* XTUtil.swift */ = {isa = PBXFileReference; lastKnownFileType = sourcecode.swift; path = XTUtil.swift; sourceTree = "<group>"; };
		8FC64E8028A89BFB0011E7D6 /* UIViewExtension.swift */ = {isa = PBXFileReference; lastKnownFileType = sourcecode.swift; path = UIViewExtension.swift; sourceTree = "<group>"; };
		8FC64E8328A8B9020011E7D6 /* UIResponderExtension.swift */ = {isa = PBXFileReference; lastKnownFileType = sourcecode.swift; path = UIResponderExtension.swift; sourceTree = "<group>"; };
		A2DAB339F3640BE37D2DE134 /* Pods-XTUtil-swift.release.xcconfig */ = {isa = PBXFileReference; includeInIndex = 1; lastKnownFileType = text.xcconfig; name = "Pods-XTUtil-swift.release.xcconfig"; path = "Target Support Files/Pods-XTUtil-swift/Pods-XTUtil-swift.release.xcconfig"; sourceTree = "<group>"; };
/* End PBXFileReference section */

/* Begin PBXFrameworksBuildPhase section */
		8FC25905269CBCE50095B412 /* Frameworks */ = {
			isa = PBXFrameworksBuildPhase;
			buildActionMask = 2147483647;
			files = (
				12C5E2A8D71E5D0AC9951A90 /* Pods_XTUtil_swift.framework in Frameworks */,
			);
			runOnlyForDeploymentPostprocessing = 0;
		};
		8FC2591B269CBCEA0095B412 /* Frameworks */ = {
			isa = PBXFrameworksBuildPhase;
			buildActionMask = 2147483647;
			files = (
			);
			runOnlyForDeploymentPostprocessing = 0;
		};
		8FC25926269CBCEA0095B412 /* Frameworks */ = {
			isa = PBXFrameworksBuildPhase;
			buildActionMask = 2147483647;
			files = (
			);
			runOnlyForDeploymentPostprocessing = 0;
		};
/* End PBXFrameworksBuildPhase section */

/* Begin PBXGroup section */
		332116934D9C42C73B843942 /* Pods */ = {
			isa = PBXGroup;
			children = (
				14A1197F58AE41E4B616ED1F /* Pods-XTUtil-swift.debug.xcconfig */,
				A2DAB339F3640BE37D2DE134 /* Pods-XTUtil-swift.release.xcconfig */,
			);
			path = Pods;
			sourceTree = "<group>";
		};
		8617F98F96A91ED38D59A11C /* Frameworks */ = {
			isa = PBXGroup;
			children = (
				111E2B19DBBC7532F2B7178D /* Pods_XTUtil_swift.framework */,
			);
			name = Frameworks;
			sourceTree = "<group>";
		};
		8F8833EB28AAB47800B5D496 /* UIkit */ = {
			isa = PBXGroup;
			children = (
				8FC64E8028A89BFB0011E7D6 /* UIViewExtension.swift */,
				8FC64E8328A8B9020011E7D6 /* UIResponderExtension.swift */,
				8F8833EC28AAB4B300B5D496 /* CurrentVC+View+Window.swift */,
			);
			path = UIkit;
			sourceTree = "<group>";
		};
		8FC258FF269CBCE50095B412 = {
			isa = PBXGroup;
			children = (
				8FC2590A269CBCE50095B412 /* XTUtil-swift */,
				8FC25921269CBCEA0095B412 /* XTUtil-swiftTests */,
				8FC2592C269CBCEA0095B412 /* XTUtil-swiftUITests */,
				8FC25909269CBCE50095B412 /* Products */,
				332116934D9C42C73B843942 /* Pods */,
				8617F98F96A91ED38D59A11C /* Frameworks */,
			);
			sourceTree = "<group>";
		};
		8FC25909269CBCE50095B412 /* Products */ = {
			isa = PBXGroup;
			children = (
				8FC25908269CBCE50095B412 /* XTUtil-swift.app */,
				8FC2591E269CBCEA0095B412 /* XTUtil-swiftTests.xctest */,
				8FC25929269CBCEA0095B412 /* XTUtil-swiftUITests.xctest */,
			);
			name = Products;
			sourceTree = "<group>";
		};
		8FC2590A269CBCE50095B412 /* XTUtil-swift */ = {
			isa = PBXGroup;
			children = (
				8FC2590B269CBCE50095B412 /* AppDelegate.swift */,
				8FC25911269CBCE50095B412 /* Main.storyboard */,
				8FC2590F269CBCE50095B412 /* ViewController.swift */,
				8FC2593B269CBD040095B412 /* Source */,
				8FC64E8228A8A0C10011E7D6 /* Support */,
			);
			path = "XTUtil-swift";
			sourceTree = "<group>";
		};
		8FC25921269CBCEA0095B412 /* XTUtil-swiftTests */ = {
			isa = PBXGroup;
			children = (
				8FC25922269CBCEA0095B412 /* XTUtil_swiftTests.swift */,
				8FC25924269CBCEA0095B412 /* Info.plist */,
			);
			path = "XTUtil-swiftTests";
			sourceTree = "<group>";
		};
		8FC2592C269CBCEA0095B412 /* XTUtil-swiftUITests */ = {
			isa = PBXGroup;
			children = (
				8FC2592D269CBCEA0095B412 /* XTUtil_swiftUITests.swift */,
				8FC2592F269CBCEA0095B412 /* Info.plist */,
			);
			path = "XTUtil-swiftUITests";
			sourceTree = "<group>";
		};
		8FC2593B269CBD040095B412 /* Source */ = {
			isa = PBXGroup;
			children = (
				8FC2593C269CBD160095B412 /* XTUtil.swift */,
				8F8833EB28AAB47800B5D496 /* UIkit */,
			);
			path = Source;
			sourceTree = "<group>";
		};
		8FC64E8228A8A0C10011E7D6 /* Support */ = {
			isa = PBXGroup;
			children = (
				8FC2590D269CBCE50095B412 /* SceneDelegate.swift */,
				8FC25914269CBCE90095B412 /* Assets.xcassets */,
				8FC25916269CBCE90095B412 /* LaunchScreen.storyboard */,
				8FC25919269CBCE90095B412 /* Info.plist */,
			);
			path = Support;
			sourceTree = "<group>";
		};
/* End PBXGroup section */

/* Begin PBXNativeTarget section */
		8FC25907269CBCE50095B412 /* XTUtil-swift */ = {
			isa = PBXNativeTarget;
			buildConfigurationList = 8FC25932269CBCEA0095B412 /* Build configuration list for PBXNativeTarget "XTUtil-swift" */;
			buildPhases = (
				1C1EDF9B4B06F138D85C5CB7 /* [CP] Check Pods Manifest.lock */,
				8FC25904269CBCE50095B412 /* Sources */,
				8FC25905269CBCE50095B412 /* Frameworks */,
				8FC25906269CBCE50095B412 /* Resources */,
				F155FDF4334BB1E54283CBEC /* [CP] Embed Pods Frameworks */,
			);
			buildRules = (
			);
			dependencies = (
			);
			name = "XTUtil-swift";
			productName = "XTUtil-swift";
			productReference = 8FC25908269CBCE50095B412 /* XTUtil-swift.app */;
			productType = "com.apple.product-type.application";
		};
		8FC2591D269CBCEA0095B412 /* XTUtil-swiftTests */ = {
			isa = PBXNativeTarget;
			buildConfigurationList = 8FC25935269CBCEA0095B412 /* Build configuration list for PBXNativeTarget "XTUtil-swiftTests" */;
			buildPhases = (
				8FC2591A269CBCEA0095B412 /* Sources */,
				8FC2591B269CBCEA0095B412 /* Frameworks */,
				8FC2591C269CBCEA0095B412 /* Resources */,
			);
			buildRules = (
			);
			dependencies = (
				8FC25920269CBCEA0095B412 /* PBXTargetDependency */,
			);
			name = "XTUtil-swiftTests";
			productName = "XTUtil-swiftTests";
			productReference = 8FC2591E269CBCEA0095B412 /* XTUtil-swiftTests.xctest */;
			productType = "com.apple.product-type.bundle.unit-test";
		};
		8FC25928269CBCEA0095B412 /* XTUtil-swiftUITests */ = {
			isa = PBXNativeTarget;
			buildConfigurationList = 8FC25938269CBCEA0095B412 /* Build configuration list for PBXNativeTarget "XTUtil-swiftUITests" */;
			buildPhases = (
				8FC25925269CBCEA0095B412 /* Sources */,
				8FC25926269CBCEA0095B412 /* Frameworks */,
				8FC25927269CBCEA0095B412 /* Resources */,
			);
			buildRules = (
			);
			dependencies = (
				8FC2592B269CBCEA0095B412 /* PBXTargetDependency */,
			);
			name = "XTUtil-swiftUITests";
			productName = "XTUtil-swiftUITests";
			productReference = 8FC25929269CBCEA0095B412 /* XTUtil-swiftUITests.xctest */;
			productType = "com.apple.product-type.bundle.ui-testing";
		};
/* End PBXNativeTarget section */

/* Begin PBXProject section */
		8FC25900269CBCE50095B412 /* Project object */ = {
			isa = PBXProject;
			attributes = {
				LastSwiftUpdateCheck = 1250;
				LastUpgradeCheck = 1250;
				TargetAttributes = {
					8FC25907269CBCE50095B412 = {
						CreatedOnToolsVersion = 12.5;
					};
					8FC2591D269CBCEA0095B412 = {
						CreatedOnToolsVersion = 12.5;
						TestTargetID = 8FC25907269CBCE50095B412;
					};
					8FC25928269CBCEA0095B412 = {
						CreatedOnToolsVersion = 12.5;
						TestTargetID = 8FC25907269CBCE50095B412;
					};
				};
			};
			buildConfigurationList = 8FC25903269CBCE50095B412 /* Build configuration list for PBXProject "XTUtil-swift" */;
			compatibilityVersion = "Xcode 9.3";
			developmentRegion = en;
			hasScannedForEncodings = 0;
			knownRegions = (
				en,
				Base,
			);
			mainGroup = 8FC258FF269CBCE50095B412;
			productRefGroup = 8FC25909269CBCE50095B412 /* Products */;
			projectDirPath = "";
			projectRoot = "";
			targets = (
				8FC25907269CBCE50095B412 /* XTUtil-swift */,
				8FC2591D269CBCEA0095B412 /* XTUtil-swiftTests */,
				8FC25928269CBCEA0095B412 /* XTUtil-swiftUITests */,
			);
		};
/* End PBXProject section */

/* Begin PBXResourcesBuildPhase section */
		8FC25906269CBCE50095B412 /* Resources */ = {
			isa = PBXResourcesBuildPhase;
			buildActionMask = 2147483647;
			files = (
				8FC25918269CBCE90095B412 /* LaunchScreen.storyboard in Resources */,
				8FC25915269CBCE90095B412 /* Assets.xcassets in Resources */,
				8FC25913269CBCE50095B412 /* Main.storyboard in Resources */,
			);
			runOnlyForDeploymentPostprocessing = 0;
		};
		8FC2591C269CBCEA0095B412 /* Resources */ = {
			isa = PBXResourcesBuildPhase;
			buildActionMask = 2147483647;
			files = (
			);
			runOnlyForDeploymentPostprocessing = 0;
		};
		8FC25927269CBCEA0095B412 /* Resources */ = {
			isa = PBXResourcesBuildPhase;
			buildActionMask = 2147483647;
			files = (
			);
			runOnlyForDeploymentPostprocessing = 0;
		};
/* End PBXResourcesBuildPhase section */

/* Begin PBXShellScriptBuildPhase section */
		1C1EDF9B4B06F138D85C5CB7 /* [CP] Check Pods Manifest.lock */ = {
			isa = PBXShellScriptBuildPhase;
			buildActionMask = 2147483647;
			files = (
			);
			inputFileListPaths = (
			);
			inputPaths = (
				"${PODS_PODFILE_DIR_PATH}/Podfile.lock",
				"${PODS_ROOT}/Manifest.lock",
			);
			name = "[CP] Check Pods Manifest.lock";
			outputFileListPaths = (
			);
			outputPaths = (
				"$(DERIVED_FILE_DIR)/Pods-XTUtil-swift-checkManifestLockResult.txt",
			);
			runOnlyForDeploymentPostprocessing = 0;
			shellPath = /bin/sh;
			shellScript = "diff \"${PODS_PODFILE_DIR_PATH}/Podfile.lock\" \"${PODS_ROOT}/Manifest.lock\" > /dev/null\nif [ $? != 0 ] ; then\n    # print error to STDERR\n    echo \"error: The sandbox is not in sync with the Podfile.lock. Run 'pod install' or update your CocoaPods installation.\" >&2\n    exit 1\nfi\n# This output is used by Xcode 'outputs' to avoid re-running this script phase.\necho \"SUCCESS\" > \"${SCRIPT_OUTPUT_FILE_0}\"\n";
			showEnvVarsInLog = 0;
		};
		F155FDF4334BB1E54283CBEC /* [CP] Embed Pods Frameworks */ = {
			isa = PBXShellScriptBuildPhase;
			buildActionMask = 2147483647;
			files = (
			);
			inputFileListPaths = (
				"${PODS_ROOT}/Target Support Files/Pods-XTUtil-swift/Pods-XTUtil-swift-frameworks-${CONFIGURATION}-input-files.xcfilelist",
			);
			name = "[CP] Embed Pods Frameworks";
			outputFileListPaths = (
				"${PODS_ROOT}/Target Support Files/Pods-XTUtil-swift/Pods-XTUtil-swift-frameworks-${CONFIGURATION}-output-files.xcfilelist",
			);
			runOnlyForDeploymentPostprocessing = 0;
			shellPath = /bin/sh;
			shellScript = "\"${PODS_ROOT}/Target Support Files/Pods-XTUtil-swift/Pods-XTUtil-swift-frameworks.sh\"\n";
			showEnvVarsInLog = 0;
		};
/* End PBXShellScriptBuildPhase section */

/* Begin PBXSourcesBuildPhase section */
		8FC25904269CBCE50095B412 /* Sources */ = {
			isa = PBXSourcesBuildPhase;
			buildActionMask = 2147483647;
			files = (
				8FC25910269CBCE50095B412 /* ViewController.swift in Sources */,
				8FC2593D269CBD160095B412 /* XTUtil.swift in Sources */,
				8FC2590C269CBCE50095B412 /* AppDelegate.swift in Sources */,
				8FC64E8128A89BFB0011E7D6 /* UIViewExtension.swift in Sources */,
				8FC64E8428A8B9020011E7D6 /* UIResponderExtension.swift in Sources */,
				8FC2590E269CBCE50095B412 /* SceneDelegate.swift in Sources */,
				8F8833ED28AAB4B300B5D496 /* CurrentVC+View+Window.swift in Sources */,
			);
			runOnlyForDeploymentPostprocessing = 0;
		};
		8FC2591A269CBCEA0095B412 /* Sources */ = {
			isa = PBXSourcesBuildPhase;
			buildActionMask = 2147483647;
			files = (
				8FC25923269CBCEA0095B412 /* XTUtil_swiftTests.swift in Sources */,
			);
			runOnlyForDeploymentPostprocessing = 0;
		};
		8FC25925269CBCEA0095B412 /* Sources */ = {
			isa = PBXSourcesBuildPhase;
			buildActionMask = 2147483647;
			files = (
				8FC2592E269CBCEA0095B412 /* XTUtil_swiftUITests.swift in Sources */,
			);
			runOnlyForDeploymentPostprocessing = 0;
		};
/* End PBXSourcesBuildPhase section */

/* Begin PBXTargetDependency section */
		8FC25920269CBCEA0095B412 /* PBXTargetDependency */ = {
			isa = PBXTargetDependency;
			target = 8FC25907269CBCE50095B412 /* XTUtil-swift */;
			targetProxy = 8FC2591F269CBCEA0095B412 /* PBXContainerItemProxy */;
		};
		8FC2592B269CBCEA0095B412 /* PBXTargetDependency */ = {
			isa = PBXTargetDependency;
			target = 8FC25907269CBCE50095B412 /* XTUtil-swift */;
			targetProxy = 8FC2592A269CBCEA0095B412 /* PBXContainerItemProxy */;
		};
/* End PBXTargetDependency section */

/* Begin PBXVariantGroup section */
		8FC25911269CBCE50095B412 /* Main.storyboard */ = {
			isa = PBXVariantGroup;
			children = (
				8FC25912269CBCE50095B412 /* Base */,
			);
			name = Main.storyboard;
			sourceTree = "<group>";
		};
		8FC25916269CBCE90095B412 /* LaunchScreen.storyboard */ = {
			isa = PBXVariantGroup;
			children = (
				8FC25917269CBCE90095B412 /* Base */,
			);
			name = LaunchScreen.storyboard;
			sourceTree = "<group>";
		};
/* End PBXVariantGroup section */

/* Begin XCBuildConfiguration section */
		8FC25930269CBCEA0095B412 /* Debug */ = {
			isa = XCBuildConfiguration;
			buildSettings = {
				ALWAYS_SEARCH_USER_PATHS = NO;
				CLANG_ANALYZER_NONNULL = YES;
				CLANG_ANALYZER_NUMBER_OBJECT_CONVERSION = YES_AGGRESSIVE;
				CLANG_CXX_LANGUAGE_STANDARD = "gnu++14";
				CLANG_CXX_LIBRARY = "libc++";
				CLANG_ENABLE_MODULES = YES;
				CLANG_ENABLE_OBJC_ARC = YES;
				CLANG_ENABLE_OBJC_WEAK = YES;
				CLANG_WARN_BLOCK_CAPTURE_AUTORELEASING = YES;
				CLANG_WARN_BOOL_CONVERSION = YES;
				CLANG_WARN_COMMA = YES;
				CLANG_WARN_CONSTANT_CONVERSION = YES;
				CLANG_WARN_DEPRECATED_OBJC_IMPLEMENTATIONS = YES;
				CLANG_WARN_DIRECT_OBJC_ISA_USAGE = YES_ERROR;
				CLANG_WARN_DOCUMENTATION_COMMENTS = YES;
				CLANG_WARN_EMPTY_BODY = YES;
				CLANG_WARN_ENUM_CONVERSION = YES;
				CLANG_WARN_INFINITE_RECURSION = YES;
				CLANG_WARN_INT_CONVERSION = YES;
				CLANG_WARN_NON_LITERAL_NULL_CONVERSION = YES;
				CLANG_WARN_OBJC_IMPLICIT_RETAIN_SELF = YES;
				CLANG_WARN_OBJC_LITERAL_CONVERSION = YES;
				CLANG_WARN_OBJC_ROOT_CLASS = YES_ERROR;
				CLANG_WARN_QUOTED_INCLUDE_IN_FRAMEWORK_HEADER = YES;
				CLANG_WARN_RANGE_LOOP_ANALYSIS = YES;
				CLANG_WARN_STRICT_PROTOTYPES = YES;
				CLANG_WARN_SUSPICIOUS_MOVE = YES;
				CLANG_WARN_UNGUARDED_AVAILABILITY = YES_AGGRESSIVE;
				CLANG_WARN_UNREACHABLE_CODE = YES;
				CLANG_WARN__DUPLICATE_METHOD_MATCH = YES;
				COPY_PHASE_STRIP = NO;
				DEBUG_INFORMATION_FORMAT = dwarf;
				ENABLE_STRICT_OBJC_MSGSEND = YES;
				ENABLE_TESTABILITY = YES;
				GCC_C_LANGUAGE_STANDARD = gnu11;
				GCC_DYNAMIC_NO_PIC = NO;
				GCC_NO_COMMON_BLOCKS = YES;
				GCC_OPTIMIZATION_LEVEL = 0;
				GCC_PREPROCESSOR_DEFINITIONS = (
					"DEBUG=1",
					"$(inherited)",
				);
				GCC_WARN_64_TO_32_BIT_CONVERSION = YES;
				GCC_WARN_ABOUT_RETURN_TYPE = YES_ERROR;
				GCC_WARN_UNDECLARED_SELECTOR = YES;
				GCC_WARN_UNINITIALIZED_AUTOS = YES_AGGRESSIVE;
				GCC_WARN_UNUSED_FUNCTION = YES;
				GCC_WARN_UNUSED_VARIABLE = YES;
				IPHONEOS_DEPLOYMENT_TARGET = 14.5;
				MTL_ENABLE_DEBUG_INFO = INCLUDE_SOURCE;
				MTL_FAST_MATH = YES;
				ONLY_ACTIVE_ARCH = YES;
				SDKROOT = iphoneos;
				SWIFT_ACTIVE_COMPILATION_CONDITIONS = DEBUG;
				SWIFT_OPTIMIZATION_LEVEL = "-Onone";
			};
			name = Debug;
		};
		8FC25931269CBCEA0095B412 /* Release */ = {
			isa = XCBuildConfiguration;
			buildSettings = {
				ALWAYS_SEARCH_USER_PATHS = NO;
				CLANG_ANALYZER_NONNULL = YES;
				CLANG_ANALYZER_NUMBER_OBJECT_CONVERSION = YES_AGGRESSIVE;
				CLANG_CXX_LANGUAGE_STANDARD = "gnu++14";
				CLANG_CXX_LIBRARY = "libc++";
				CLANG_ENABLE_MODULES = YES;
				CLANG_ENABLE_OBJC_ARC = YES;
				CLANG_ENABLE_OBJC_WEAK = YES;
				CLANG_WARN_BLOCK_CAPTURE_AUTORELEASING = YES;
				CLANG_WARN_BOOL_CONVERSION = YES;
				CLANG_WARN_COMMA = YES;
				CLANG_WARN_CONSTANT_CONVERSION = YES;
				CLANG_WARN_DEPRECATED_OBJC_IMPLEMENTATIONS = YES;
				CLANG_WARN_DIRECT_OBJC_ISA_USAGE = YES_ERROR;
				CLANG_WARN_DOCUMENTATION_COMMENTS = YES;
				CLANG_WARN_EMPTY_BODY = YES;
				CLANG_WARN_ENUM_CONVERSION = YES;
				CLANG_WARN_INFINITE_RECURSION = YES;
				CLANG_WARN_INT_CONVERSION = YES;
				CLANG_WARN_NON_LITERAL_NULL_CONVERSION = YES;
				CLANG_WARN_OBJC_IMPLICIT_RETAIN_SELF = YES;
				CLANG_WARN_OBJC_LITERAL_CONVERSION = YES;
				CLANG_WARN_OBJC_ROOT_CLASS = YES_ERROR;
				CLANG_WARN_QUOTED_INCLUDE_IN_FRAMEWORK_HEADER = YES;
				CLANG_WARN_RANGE_LOOP_ANALYSIS = YES;
				CLANG_WARN_STRICT_PROTOTYPES = YES;
				CLANG_WARN_SUSPICIOUS_MOVE = YES;
				CLANG_WARN_UNGUARDED_AVAILABILITY = YES_AGGRESSIVE;
				CLANG_WARN_UNREACHABLE_CODE = YES;
				CLANG_WARN__DUPLICATE_METHOD_MATCH = YES;
				COPY_PHASE_STRIP = NO;
				DEBUG_INFORMATION_FORMAT = "dwarf-with-dsym";
				ENABLE_NS_ASSERTIONS = NO;
				ENABLE_STRICT_OBJC_MSGSEND = YES;
				GCC_C_LANGUAGE_STANDARD = gnu11;
				GCC_NO_COMMON_BLOCKS = YES;
				GCC_WARN_64_TO_32_BIT_CONVERSION = YES;
				GCC_WARN_ABOUT_RETURN_TYPE = YES_ERROR;
				GCC_WARN_UNDECLARED_SELECTOR = YES;
				GCC_WARN_UNINITIALIZED_AUTOS = YES_AGGRESSIVE;
				GCC_WARN_UNUSED_FUNCTION = YES;
				GCC_WARN_UNUSED_VARIABLE = YES;
				IPHONEOS_DEPLOYMENT_TARGET = 14.5;
				MTL_ENABLE_DEBUG_INFO = NO;
				MTL_FAST_MATH = YES;
				SDKROOT = iphoneos;
				SWIFT_COMPILATION_MODE = wholemodule;
				SWIFT_OPTIMIZATION_LEVEL = "-O";
				VALIDATE_PRODUCT = YES;
			};
			name = Release;
		};
		8FC25933269CBCEA0095B412 /* Debug */ = {
			isa = XCBuildConfiguration;
			baseConfigurationReference = 14A1197F58AE41E4B616ED1F /* Pods-XTUtil-swift.debug.xcconfig */;
			buildSettings = {
				ASSETCATALOG_COMPILER_APPICON_NAME = AppIcon;
				ASSETCATALOG_COMPILER_GLOBAL_ACCENT_COLOR_NAME = AccentColor;
				CODE_SIGN_STYLE = Automatic;
				DEVELOPMENT_TEAM = 5D74XHX7AD;
				INFOPLIST_FILE = "XTUtil-swift/Info.plist";
				LD_RUNPATH_SEARCH_PATHS = (
					"$(inherited)",
					"@executable_path/Frameworks",
				);
				PRODUCT_BUNDLE_IDENTIFIER = "com.teason.XTUtil-swift";
				PRODUCT_NAME = "$(TARGET_NAME)";
				SWIFT_VERSION = 5.0;
				TARGETED_DEVICE_FAMILY = "1,2";
			};
			name = Debug;
		};
		8FC25934269CBCEA0095B412 /* Release */ = {
			isa = XCBuildConfiguration;
			baseConfigurationReference = A2DAB339F3640BE37D2DE134 /* Pods-XTUtil-swift.release.xcconfig */;
			buildSettings = {
				ASSETCATALOG_COMPILER_APPICON_NAME = AppIcon;
				ASSETCATALOG_COMPILER_GLOBAL_ACCENT_COLOR_NAME = AccentColor;
				CODE_SIGN_STYLE = Automatic;
				DEVELOPMENT_TEAM = 5D74XHX7AD;
				INFOPLIST_FILE = "XTUtil-swift/Info.plist";
				LD_RUNPATH_SEARCH_PATHS = (
					"$(inherited)",
					"@executable_path/Frameworks",
				);
				PRODUCT_BUNDLE_IDENTIFIER = "com.teason.XTUtil-swift";
				PRODUCT_NAME = "$(TARGET_NAME)";
				SWIFT_VERSION = 5.0;
				TARGETED_DEVICE_FAMILY = "1,2";
			};
			name = Release;
		};
		8FC25936269CBCEA0095B412 /* Debug */ = {
			isa = XCBuildConfiguration;
			buildSettings = {
				ALWAYS_EMBED_SWIFT_STANDARD_LIBRARIES = YES;
				BUNDLE_LOADER = "$(TEST_HOST)";
				CODE_SIGN_STYLE = Automatic;
				DEVELOPMENT_TEAM = 5D74XHX7AD;
				INFOPLIST_FILE = "XTUtil-swiftTests/Info.plist";
				IPHONEOS_DEPLOYMENT_TARGET = 14.5;
				LD_RUNPATH_SEARCH_PATHS = (
					"$(inherited)",
					"@executable_path/Frameworks",
					"@loader_path/Frameworks",
				);
				PRODUCT_BUNDLE_IDENTIFIER = "com.teason.XTUtil-swiftTests";
				PRODUCT_NAME = "$(TARGET_NAME)";
				SWIFT_VERSION = 5.0;
				TARGETED_DEVICE_FAMILY = "1,2";
				TEST_HOST = "$(BUILT_PRODUCTS_DIR)/XTUtil-swift.app/XTUtil-swift";
			};
			name = Debug;
		};
		8FC25937269CBCEA0095B412 /* Release */ = {
			isa = XCBuildConfiguration;
			buildSettings = {
				ALWAYS_EMBED_SWIFT_STANDARD_LIBRARIES = YES;
				BUNDLE_LOADER = "$(TEST_HOST)";
				CODE_SIGN_STYLE = Automatic;
				DEVELOPMENT_TEAM = 5D74XHX7AD;
				INFOPLIST_FILE = "XTUtil-swiftTests/Info.plist";
				IPHONEOS_DEPLOYMENT_TARGET = 14.5;
				LD_RUNPATH_SEARCH_PATHS = (
					"$(inherited)",
					"@executable_path/Frameworks",
					"@loader_path/Frameworks",
				);
				PRODUCT_BUNDLE_IDENTIFIER = "com.teason.XTUtil-swiftTests";
				PRODUCT_NAME = "$(TARGET_NAME)";
				SWIFT_VERSION = 5.0;
				TARGETED_DEVICE_FAMILY = "1,2";
				TEST_HOST = "$(BUILT_PRODUCTS_DIR)/XTUtil-swift.app/XTUtil-swift";
			};
			name = Release;
		};
		8FC25939269CBCEA0095B412 /* Debug */ = {
			isa = XCBuildConfiguration;
			buildSettings = {
				ALWAYS_EMBED_SWIFT_STANDARD_LIBRARIES = YES;
				CODE_SIGN_STYLE = Automatic;
				DEVELOPMENT_TEAM = 5D74XHX7AD;
				INFOPLIST_FILE = "XTUtil-swiftUITests/Info.plist";
				LD_RUNPATH_SEARCH_PATHS = (
					"$(inherited)",
					"@executable_path/Frameworks",
					"@loader_path/Frameworks",
				);
				PRODUCT_BUNDLE_IDENTIFIER = "com.teason.XTUtil-swiftUITests";
				PRODUCT_NAME = "$(TARGET_NAME)";
				SWIFT_VERSION = 5.0;
				TARGETED_DEVICE_FAMILY = "1,2";
				TEST_TARGET_NAME = "XTUtil-swift";
			};
			name = Debug;
		};
		8FC2593A269CBCEA0095B412 /* Release */ = {
			isa = XCBuildConfiguration;
			buildSettings = {
				ALWAYS_EMBED_SWIFT_STANDARD_LIBRARIES = YES;
				CODE_SIGN_STYLE = Automatic;
				DEVELOPMENT_TEAM = 5D74XHX7AD;
				INFOPLIST_FILE = "XTUtil-swiftUITests/Info.plist";
				LD_RUNPATH_SEARCH_PATHS = (
					"$(inherited)",
					"@executable_path/Frameworks",
					"@loader_path/Frameworks",
				);
				PRODUCT_BUNDLE_IDENTIFIER = "com.teason.XTUtil-swiftUITests";
				PRODUCT_NAME = "$(TARGET_NAME)";
				SWIFT_VERSION = 5.0;
				TARGETED_DEVICE_FAMILY = "1,2";
				TEST_TARGET_NAME = "XTUtil-swift";
			};
			name = Release;
		};
/* End XCBuildConfiguration section */

/* Begin XCConfigurationList section */
		8FC25903269CBCE50095B412 /* Build configuration list for PBXProject "XTUtil-swift" */ = {
			isa = XCConfigurationList;
			buildConfigurations = (
				8FC25930269CBCEA0095B412 /* Debug */,
				8FC25931269CBCEA0095B412 /* Release */,
			);
			defaultConfigurationIsVisible = 0;
			defaultConfigurationName = Release;
		};
		8FC25932269CBCEA0095B412 /* Build configuration list for PBXNativeTarget "XTUtil-swift" */ = {
			isa = XCConfigurationList;
			buildConfigurations = (
				8FC25933269CBCEA0095B412 /* Debug */,
				8FC25934269CBCEA0095B412 /* Release */,
			);
			defaultConfigurationIsVisible = 0;
			defaultConfigurationName = Release;
		};
		8FC25935269CBCEA0095B412 /* Build configuration list for PBXNativeTarget "XTUtil-swiftTests" */ = {
			isa = XCConfigurationList;
			buildConfigurations = (
				8FC25936269CBCEA0095B412 /* Debug */,
				8FC25937269CBCEA0095B412 /* Release */,
			);
			defaultConfigurationIsVisible = 0;
			defaultConfigurationName = Release;
		};
		8FC25938269CBCEA0095B412 /* Build configuration list for PBXNativeTarget "XTUtil-swiftUITests" */ = {
			isa = XCConfigurationList;
			buildConfigurations = (
				8FC25939269CBCEA0095B412 /* Debug */,
				8FC2593A269CBCEA0095B412 /* Release */,
			);
			defaultConfigurationIsVisible = 0;
			defaultConfigurationName = Release;
		};
/* End XCConfigurationList section */
	};
	rootObject = 8FC25900269CBCE50095B412 /* Project object */;
}
